
Microsoft Visual Studio Solution File, Format Version 12.00
# Visual Studio Version 16
VisualStudioVersion = 16.0.29613.14
MinimumVisualStudioVersion = 10.0.40219.1
Project("{8BC9CEB8-8B4A-11D0-8D11-00A0C91BC942}") = "OpenGL_Text3", "OpenGL_Text3.vcxproj", "{EBBF6693-7418-48CB-9A3F-4DABE19EBA85}"
EndProject
Global
	GlobalSection(SolutionConfigurationPlatforms) = preSolution
		Debug|x64 = Debug|x64
		Debug|x86 = Debug|x86
		Release|x64 = Release|x64
		Release|x86 = Release|x86
	EndGlobalSection
	GlobalSection(ProjectConfigurationPlatforms) = postSolution
		{EBBF6693-7418-48CB-9A3F-4DABE19EBA85}.Debug|x64.ActiveCfg = Debug|x64
		{EBBF6693-7418-48CB-9A3F-4DABE19EBA85}.Debug|x64.Build.0 = Debug|x64
		{EBBF6693-7418-48CB-9A3F-4DABE19EBA85}.Debug|x86.ActiveCfg = Debug|Win32
		{EBBF6693-7418-48CB-9A3F-4DABE19EBA85}.Debug|x86.Build.0 = Debug|Win32
		{EBBF6693-7418-48CB-9A3F-4DABE19EBA85}.Release|x64.ActiveCfg = Release|x64
		{EBBF6693-7418-48CB-9A3F-4DABE19EBA85}.Release|x64.Build.0 = Release|x64
		{EBBF6693-7418-48CB-9A3F-4DABE19EBA85}.Release|x86.ActiveCfg = Release|Win32
		{EBBF6693-7418-48CB-9A3F-4DABE19EBA85}.Release|x86.Build.0 = Release|Win32
	EndGlobalSection
	GlobalSection(SolutionProperties) = preSolution
		HideSolutionNode = FALSE
	EndGlobalSection
	GlobalSection(ExtensibilityGlobals) = postSolution
		SolutionGuid = {01FBC301-8075-41C7-82B1-A431A5902F1F}
	EndGlobalSection
EndGlobal
