<?xml version="1.0" encoding="utf-8"?>
<Project ToolsVersion="4.0" xmlns="http://schemas.microsoft.com/developer/msbuild/2003">
  <ItemGroup>
    <Filter Include="源文件">
      <UniqueIdentifier>{4FC737F1-C7A5-4376-A066-2A32D752A2FF}</UniqueIdentifier>
      <Extensions>cpp;c;cc;cxx;c++;cppm;ixx;def;odl;idl;hpj;bat;asm;asmx</Extensions>
    </Filter>
    <Filter Include="头文件">
      <UniqueIdentifier>{93995380-89BD-4b04-88EB-625FBE52EBFB}</UniqueIdentifier>
      <Extensions>h;hh;hpp;hxx;h++;hm;inl;inc;ipp;xsd</Extensions>
    </Filter>
    <Filter Include="资源文件">
      <UniqueIdentifier>{67DA6AB6-F800-4c08-8B7A-83BB121AAD01}</UniqueIdentifier>
      <Extensions>rc;ico;cur;bmp;dlg;rc2;rct;bin;rgs;gif;jpg;jpeg;jpe;resx;tiff;tif;png;wav;mfcribbon-ms</Extensions>
    </Filter>
    <Filter Include="资源文件\map">
      <UniqueIdentifier>{554687e9-a9fd-4357-baff-c71291c90d35}</UniqueIdentifier>
    </Filter>
    <Filter Include="资源文件\shader">
      <UniqueIdentifier>{a6f4bc15-80ef-4987-a5a5-79c28d2c7aff}</UniqueIdentifier>
    </Filter>
    <Filter Include="ImGui">
      <UniqueIdentifier>{74e217fa-528d-4ecf-b96d-aa3ebd2b6176}</UniqueIdentifier>
    </Filter>
    <Filter Include="ImGui\impl">
      <UniqueIdentifier>{6e761fef-080b-45d7-9ffb-ae1f15964ca7}</UniqueIdentifier>
    </Filter>
  </ItemGroup>
  <ItemGroup>
    <ClCompile Include="main.cpp">
      <Filter>源文件</Filter>
    </ClCompile>
    <ClCompile Include="ImGui\imgui.cpp">
      <Filter>ImGui</Filter>
    </ClCompile>
    <ClCompile Include="ImGui\imgui_draw.cpp">
      <Filter>ImGui</Filter>
    </ClCompile>
    <ClCompile Include="ImGui\imgui_widgets.cpp">
      <Filter>ImGui</Filter>
    </ClCompile>
    <ClCompile Include="ImGui\impl\imgui_impl_glfw.cpp">
      <Filter>ImGui\impl</Filter>
    </ClCompile>
    <ClCompile Include="ImGui\impl\imgui_impl_opengl3.cpp">
      <Filter>ImGui\impl</Filter>
    </ClCompile>
    <ClCompile Include="..\OpenGLEnvironment\glad.c">
      <Filter>源文件</Filter>
    </ClCompile>
  </ItemGroup>
  <ItemGroup>
    <Image Include="map\diffuseMap.png">
      <Filter>资源文件\map</Filter>
    </Image>
    <Image Include="map\specularMap.png">
      <Filter>资源文件\map</Filter>
    </Image>
  </ItemGroup>
  <ItemGroup>
    <ClInclude Include="..\OpenGLEnvironment\include\GLCamera.h">
      <Filter>头文件</Filter>
    </ClInclude>
    <ClInclude Include="..\OpenGLEnvironment\include\GLShader.h">
      <Filter>头文件</Filter>
    </ClInclude>
    <ClInclude Include="ImGui\imconfig.h">
      <Filter>ImGui</Filter>
    </ClInclude>
    <ClInclude Include="ImGui\imgui.h">
      <Filter>ImGui</Filter>
    </ClInclude>
    <ClInclude Include="ImGui\imgui_internal.h">
      <Filter>ImGui</Filter>
    </ClInclude>
    <ClInclude Include="ImGui\imstb_rectpack.h">
      <Filter>ImGui</Filter>
    </ClInclude>
    <ClInclude Include="ImGui\imstb_textedit.h">
      <Filter>ImGui</Filter>
    </ClInclude>
    <ClInclude Include="ImGui\imstb_truetype.h">
      <Filter>ImGui</Filter>
    </ClInclude>
    <ClInclude Include="ImGui\impl\imgui_impl_glfw.h">
      <Filter>ImGui\impl</Filter>
    </ClInclude>
    <ClInclude Include="ImGui\impl\imgui_impl_opengl3.h">
      <Filter>ImGui\impl</Filter>
    </ClInclude>
  </ItemGroup>
  <ItemGroup>
    <None Include="shader\cubeFragShader.frag">
      <Filter>资源文件\shader</Filter>
    </None>
    <None Include="shader\cubeVertShader.vert">
      <Filter>资源文件\shader</Filter>
    </None>
    <None Include="shader\lightFragShader.frag">
      <Filter>资源文件\shader</Filter>
    </None>
    <None Include="shader\lightVertShader.vert">
      <Filter>资源文件\shader</Filter>
    </None>
  </ItemGroup>
</Project>